{
  "name": "forward_tutorial",
  "version": "1.0.0",
  "lockfileVersion": 1,
  "requires": true,
  "dependencies": {
    "eval": {
      "version": "0.1.2",
      "resolved": "https://registry.npmjs.org/eval/-/eval-0.1.2.tgz",
      "integrity": "sha1-n3EDKEwQWmbfQDCysycxZYNwE9o=",
      "requires": {
        "require-like": "0.1.2"
      }
    },
    "lodash-amd": {
      "version": "4.17.4",
      "resolved": "https://registry.npmjs.org/lodash-amd/-/lodash-amd-4.17.4.tgz",
      "integrity": "sha1-LUL4ATrP8r+/+2pPR71mgsigimI="
    },
    "require-like": {
      "version": "0.1.2",
      "resolved": "https://registry.npmjs.org/require-like/-/require-like-0.1.2.tgz",
      "integrity": "sha1-rW8wwTvs15cBDEaK+ndcDAprR/o="
    },
    "requirejs": {
      "version": "2.3.5",
      "resolved": "https://registry.npmjs.org/requirejs/-/requirejs-2.3.5.tgz",
      "integrity": "sha1-YXuay7yzNlQO9JFNeQMjqNS4YbA="
    },
    "requirejs-text": {
      "version": "2.0.15",
      "resolved": "https://registry.npmjs.org/requirejs-text/-/requirejs-text-2.0.15.tgz",
      "integrity": "sha1-ExOHM2E/xEV7fhJH6Mt1HfeqVCk="
    }
  }
}
